
Microsoft Visual Studio Solution File, Format Version 12.00
# Visual Studio Version 17
VisualStudioVersion = 17.12.35527.113 d17.12
MinimumVisualStudioVersion = 10.0.40219.1
Project("{FAE04EC0-301F-11D3-BF4B-00C04F79EFBC}") = "todo-app.Server", "todo-app.Server\todo-app.Server.csproj", "{14914B9A-DEC1-477F-AF36-92DB68E7A893}"
EndProject
Project("{54A90642-561A-4BB1-A94E-469ADEE60C69}") = "todo-app.client", "todo-app.client\todo-app.client.esproj", "{31EE75D8-1DEC-4ADE-8512-531916E01910}"
EndProject
Global
	GlobalSection(SolutionConfigurationPlatforms) = preSolution
		Debug|Any CPU = Debug|Any CPU
		Release|Any CPU = Release|Any CPU
	EndGlobalSection
	GlobalSection(ProjectConfigurationPlatforms) = postSolution
		{14914B9A-DEC1-477F-AF36-92DB68E7A893}.Debug|Any CPU.ActiveCfg = Debug|Any CPU
		{14914B9A-DEC1-477F-AF36-92DB68E7A893}.Debug|Any CPU.Build.0 = Debug|Any CPU
		{14914B9A-DEC1-477F-AF36-92DB68E7A893}.Release|Any CPU.ActiveCfg = Release|Any CPU
		{14914B9A-DEC1-477F-AF36-92DB68E7A893}.Release|Any CPU.Build.0 = Release|Any CPU
		{31EE75D8-1DEC-4ADE-8512-531916E01910}.Debug|Any CPU.ActiveCfg = Debug|Any CPU
		{31EE75D8-1DEC-4ADE-8512-531916E01910}.Debug|Any CPU.Build.0 = Debug|Any CPU
		{31EE75D8-1DEC-4ADE-8512-531916E01910}.Debug|Any CPU.Deploy.0 = Debug|Any CPU
		{31EE75D8-1DEC-4ADE-8512-531916E01910}.Release|Any CPU.ActiveCfg = Release|Any CPU
		{31EE75D8-1DEC-4ADE-8512-531916E01910}.Release|Any CPU.Build.0 = Release|Any CPU
		{31EE75D8-1DEC-4ADE-8512-531916E01910}.Release|Any CPU.Deploy.0 = Release|Any CPU
	EndGlobalSection
	GlobalSection(SolutionProperties) = preSolution
		HideSolutionNode = FALSE
	EndGlobalSection
EndGlobal
